
Microsoft Visual Studio Solution File, Format Version 12.00
# Visual Studio Version 16
VisualStudioVersion = 16.0.29230.61
MinimumVisualStudioVersion = 10.0.40219.1
Project("{9A19103F-16F7-4668-BE54-9A1E7A4F7556}") = "Chromely.External.Controllers", "Chromely.External.Controllers\Chromely.External.Controllers.csproj", "{FE11EBC3-5F7A-4809-AE23-D54DF87EA32D}"
EndProject
Project("{9A19103F-16F7-4668-BE54-9A1E7A4F7556}") = "CrossPlatDemo", "CrossPlatDemo\CrossPlatDemo.csproj", "{E9526C6F-9D02-492B-8225-FA31BDF2C083}"
EndProject
Project("{9A19103F-16F7-4668-BE54-9A1E7A4F7556}") = "NetFrameworkDemo", "NetFrameworkDemo\NetFrameworkDemo.csproj", "{EA4B8FC2-1F13-4AE1-838C-EB925B607D00}"
EndProject
Project("{9A19103F-16F7-4668-BE54-9A1E7A4F7556}") = "FramelessDemo", "FramelessDemo\FramelessDemo.csproj", "{7D824D88-F7C6-48D8-8C33-AD7EAE71F33F}"
EndProject
Global
	GlobalSection(SolutionConfigurationPlatforms) = preSolution
		Debug|Any CPU = Debug|Any CPU
		Debug|x64 = Debug|x64
		Release|Any CPU = Release|Any CPU
		Release|x64 = Release|x64
	EndGlobalSection
	GlobalSection(ProjectConfigurationPlatforms) = postSolution
		{FE11EBC3-5F7A-4809-AE23-D54DF87EA32D}.Debug|Any CPU.ActiveCfg = Debug|Any CPU
		{FE11EBC3-5F7A-4809-AE23-D54DF87EA32D}.Debug|Any CPU.Build.0 = Debug|Any CPU
		{FE11EBC3-5F7A-4809-AE23-D54DF87EA32D}.Debug|x64.ActiveCfg = Debug|Any CPU
		{FE11EBC3-5F7A-4809-AE23-D54DF87EA32D}.Debug|x64.Build.0 = Debug|Any CPU
		{FE11EBC3-5F7A-4809-AE23-D54DF87EA32D}.Release|Any CPU.ActiveCfg = Release|Any CPU
		{FE11EBC3-5F7A-4809-AE23-D54DF87EA32D}.Release|Any CPU.Build.0 = Release|Any CPU
		{FE11EBC3-5F7A-4809-AE23-D54DF87EA32D}.Release|x64.ActiveCfg = Release|Any CPU
		{FE11EBC3-5F7A-4809-AE23-D54DF87EA32D}.Release|x64.Build.0 = Release|Any CPU
		{E9526C6F-9D02-492B-8225-FA31BDF2C083}.Debug|Any CPU.ActiveCfg = Debug|x64
		{E9526C6F-9D02-492B-8225-FA31BDF2C083}.Debug|x64.ActiveCfg = Debug|x64
		{E9526C6F-9D02-492B-8225-FA31BDF2C083}.Debug|x64.Build.0 = Debug|x64
		{E9526C6F-9D02-492B-8225-FA31BDF2C083}.Release|Any CPU.ActiveCfg = Release|x64
		{E9526C6F-9D02-492B-8225-FA31BDF2C083}.Release|x64.ActiveCfg = Release|x64
		{E9526C6F-9D02-492B-8225-FA31BDF2C083}.Release|x64.Build.0 = Release|x64
		{EA4B8FC2-1F13-4AE1-838C-EB925B607D00}.Debug|Any CPU.ActiveCfg = Debug|x64
		{EA4B8FC2-1F13-4AE1-838C-EB925B607D00}.Debug|x64.ActiveCfg = Debug|x64
		{EA4B8FC2-1F13-4AE1-838C-EB925B607D00}.Debug|x64.Build.0 = Debug|x64
		{EA4B8FC2-1F13-4AE1-838C-EB925B607D00}.Release|Any CPU.ActiveCfg = Release|x64
		{EA4B8FC2-1F13-4AE1-838C-EB925B607D00}.Release|x64.ActiveCfg = Release|x64
		{EA4B8FC2-1F13-4AE1-838C-EB925B607D00}.Release|x64.Build.0 = Release|x64
		{7D824D88-F7C6-48D8-8C33-AD7EAE71F33F}.Debug|Any CPU.ActiveCfg = Debug|x64
		{7D824D88-F7C6-48D8-8C33-AD7EAE71F33F}.Debug|x64.ActiveCfg = Debug|x64
		{7D824D88-F7C6-48D8-8C33-AD7EAE71F33F}.Debug|x64.Build.0 = Debug|x64
		{7D824D88-F7C6-48D8-8C33-AD7EAE71F33F}.Release|Any CPU.ActiveCfg = Release|x64
		{7D824D88-F7C6-48D8-8C33-AD7EAE71F33F}.Release|x64.ActiveCfg = Release|x64
		{7D824D88-F7C6-48D8-8C33-AD7EAE71F33F}.Release|x64.Build.0 = Release|x64
	EndGlobalSection
	GlobalSection(SolutionProperties) = preSolution
		HideSolutionNode = FALSE
	EndGlobalSection
	GlobalSection(ExtensibilityGlobals) = postSolution
		SolutionGuid = {DB7407FC-516C-4E83-A554-21DF30516ED0}
	EndGlobalSection
EndGlobal
