
Microsoft Visual Studio Solution File, Format Version 12.00
# Visual Studio Version 16
VisualStudioVersion = 16.0.29230.61
MinimumVisualStudioVersion = 10.0.40219.1
Project("{9A19103F-16F7-4668-BE54-9A1E7A4F7556}") = "CrossPlatDemo", "CrossPlatDemo\CrossPlatDemo.csproj", "{E9526C6F-9D02-492B-8225-FA31BDF2C083}"
EndProject
Project("{9A19103F-16F7-4668-BE54-9A1E7A4F7556}") = "NetFrameworkDemo", "NetFrameworkDemo\NetFrameworkDemo.csproj", "{EA4B8FC2-1F13-4AE1-838C-EB925B607D00}"
EndProject
Project("{9A19103F-16F7-4668-BE54-9A1E7A4F7556}") = "CefSharpDemo", "CefSharpDemo\CefSharpDemo.csproj", "{F9F7D066-3E95-45D0-A72A-379E52120825}"
EndProject
Global
	GlobalSection(SolutionConfigurationPlatforms) = preSolution
		Debug|Any CPU = Debug|Any CPU
		Debug|x64 = Debug|x64
		Debug|x86 = Debug|x86
		Release|Any CPU = Release|Any CPU
		Release|x64 = Release|x64
		Release|x86 = Release|x86
	EndGlobalSection
	GlobalSection(ProjectConfigurationPlatforms) = postSolution
		{E9526C6F-9D02-492B-8225-FA31BDF2C083}.Debug|Any CPU.ActiveCfg = Debug|x64
		{E9526C6F-9D02-492B-8225-FA31BDF2C083}.Debug|Any CPU.Build.0 = Debug|x64
		{E9526C6F-9D02-492B-8225-FA31BDF2C083}.Debug|x64.ActiveCfg = Debug|x64
		{E9526C6F-9D02-492B-8225-FA31BDF2C083}.Debug|x64.Build.0 = Debug|x64
		{E9526C6F-9D02-492B-8225-FA31BDF2C083}.Debug|x86.ActiveCfg = Debug|x64
		{E9526C6F-9D02-492B-8225-FA31BDF2C083}.Release|Any CPU.ActiveCfg = Release|x64
		{E9526C6F-9D02-492B-8225-FA31BDF2C083}.Release|x64.ActiveCfg = Release|x64
		{E9526C6F-9D02-492B-8225-FA31BDF2C083}.Release|x64.Build.0 = Release|x64
		{E9526C6F-9D02-492B-8225-FA31BDF2C083}.Release|x86.ActiveCfg = Release|x64
		{EA4B8FC2-1F13-4AE1-838C-EB925B607D00}.Debug|Any CPU.ActiveCfg = Debug|x64
		{EA4B8FC2-1F13-4AE1-838C-EB925B607D00}.Debug|Any CPU.Build.0 = Debug|x64
		{EA4B8FC2-1F13-4AE1-838C-EB925B607D00}.Debug|x64.ActiveCfg = Debug|x64
		{EA4B8FC2-1F13-4AE1-838C-EB925B607D00}.Debug|x64.Build.0 = Debug|x64
		{EA4B8FC2-1F13-4AE1-838C-EB925B607D00}.Debug|x86.ActiveCfg = Debug|x64
		{EA4B8FC2-1F13-4AE1-838C-EB925B607D00}.Release|Any CPU.ActiveCfg = Release|x64
		{EA4B8FC2-1F13-4AE1-838C-EB925B607D00}.Release|x64.ActiveCfg = Release|x64
		{EA4B8FC2-1F13-4AE1-838C-EB925B607D00}.Release|x64.Build.0 = Release|x64
		{EA4B8FC2-1F13-4AE1-838C-EB925B607D00}.Release|x86.ActiveCfg = Release|x64
		{F9F7D066-3E95-45D0-A72A-379E52120825}.Debug|Any CPU.ActiveCfg = Debug|x86
		{F9F7D066-3E95-45D0-A72A-379E52120825}.Debug|Any CPU.Build.0 = Debug|x86
		{F9F7D066-3E95-45D0-A72A-379E52120825}.Debug|x64.ActiveCfg = Debug|x64
		{F9F7D066-3E95-45D0-A72A-379E52120825}.Debug|x64.Build.0 = Debug|x64
		{F9F7D066-3E95-45D0-A72A-379E52120825}.Debug|x86.ActiveCfg = Debug|x86
		{F9F7D066-3E95-45D0-A72A-379E52120825}.Debug|x86.Build.0 = Debug|x86
		{F9F7D066-3E95-45D0-A72A-379E52120825}.Release|Any CPU.ActiveCfg = Release|x86
		{F9F7D066-3E95-45D0-A72A-379E52120825}.Release|x64.ActiveCfg = Release|x64
		{F9F7D066-3E95-45D0-A72A-379E52120825}.Release|x64.Build.0 = Release|x64
		{F9F7D066-3E95-45D0-A72A-379E52120825}.Release|x86.ActiveCfg = Release|x86
		{F9F7D066-3E95-45D0-A72A-379E52120825}.Release|x86.Build.0 = Release|x86
	EndGlobalSection
	GlobalSection(SolutionProperties) = preSolution
		HideSolutionNode = FALSE
	EndGlobalSection
	GlobalSection(ExtensibilityGlobals) = postSolution
		SolutionGuid = {DB7407FC-516C-4E83-A554-21DF30516ED0}
	EndGlobalSection
EndGlobal
